<?xml version="1.0" encoding="utf-8"?>
<Project ToolsVersion="4.0" xmlns="http://schemas.microsoft.com/developer/msbuild/2003">
  <ItemGroup>
    <FxCompile Include="effect.fx" />
  </ItemGroup>
  <ItemGroup>
    <ClCompile Include="TemplateSimulator.cpp" />
    <ClCompile Include="util\FFmpeg.cpp" />
    <ClCompile Include="util\util.cpp" />
    <ClCompile Include="MidpointParticleIntegrator.cpp">
      <Filter>Integrators</Filter>
    </ClCompile>
    <ClCompile Include="ParticleIntegratorBase.cpp">
      <Filter>Integrators</Filter>
    </ClCompile>
    <ClCompile Include="IParticleIntegrator.cpp">
      <Filter>Integrators</Filter>
    </ClCompile>
    <ClCompile Include="EulerParticleIntegrator.cpp">
      <Filter>Integrators</Filter>
    </ClCompile>
    <ClCompile Include="MassSpringSystemSimulator.cpp" />
    <ClCompile Include="ParticleSimulationTypes.cpp" />
    <ClCompile Include="LeapfrogParticleIntegrator.cpp">
      <Filter>Integrators</Filter>
    </ClCompile>
<<<<<<< HEAD
    <ClCompile Include="RigidBodySystemSimulator.cpp" />
    <ClCompile Include="RigidBodySimulationTypes.cpp" />
    <ClCompile Include="RigidBodySystem.cpp" />
=======
    <ClCompile Include="importer\TetGenImporter.cpp">
      <Filter>importer</Filter>
    </ClCompile>
    <ClCompile Include="importer\SpringsImporter.cpp">
      <Filter>importer</Filter>
    </ClCompile>
>>>>>>> Added tetrahedralized meshes that can be used as soft body mass spring systems
  </ItemGroup>
  <ItemGroup>
    <ClInclude Include="DrawingUtilitiesClass.h" />
    <ClInclude Include="MassSpringSystemSimulator.h" />
    <ClInclude Include="Simulator.h" />
    <ClInclude Include="TemplateSimulator.h" />
    <ClInclude Include="util\FFmpeg.h" />
    <ClInclude Include="util\matrixbase.h" />
    <ClInclude Include="util\quaternion.h" />
    <ClInclude Include="util\timer.h" />
    <ClInclude Include="util\util.h" />
    <ClInclude Include="util\vectorbase.h" />
    <ClInclude Include="MidpointParticleIntegrator.h">
      <Filter>Integrators</Filter>
    </ClInclude>
    <ClInclude Include="ParticleIntegratorBase.h">
      <Filter>Integrators</Filter>
    </ClInclude>
    <ClInclude Include="IParticleIntegrator.h">
      <Filter>Integrators</Filter>
    </ClInclude>
    <ClInclude Include="EulerParticleIntegrator.h">
      <Filter>Integrators</Filter>
    </ClInclude>
    <ClInclude Include="ParticleSimulationTypes.h" />
    <ClInclude Include="PhysicsFunctions.h" />
    <ClInclude Include="LeapfrogParticleIntegrator.h">
      <Filter>Integrators</Filter>
    </ClInclude>
<<<<<<< HEAD
    <ClInclude Include="RigidBodySystemSimulator.h" />
    <ClInclude Include="RigidBodySimulationTypes.h" />
    <ClInclude Include="collisionDetect.h" />
    <ClInclude Include="RigidBodySystem.h" />
=======
    <ClInclude Include="importer\SpringsImporter.h">
      <Filter>importer</Filter>
    </ClInclude>
    <ClInclude Include="importer\TetGenImporter.h">
      <Filter>importer</Filter>
    </ClInclude>
    <ClInclude Include="resource.h" />
>>>>>>> Added tetrahedralized meshes that can be used as soft body mass spring systems
  </ItemGroup>
  <ItemGroup>
    <Text Include="..\readme.txt" />
  </ItemGroup>
  <ItemGroup>
    <Filter Include="Integrators">
      <UniqueIdentifier>{ebb5c64f-fd42-44bf-8397-d3452b8730e6}</UniqueIdentifier>
    </Filter>
    <Filter Include="importer">
      <UniqueIdentifier>{87b5afeb-1e68-4b18-ac4f-aee9c684edaf}</UniqueIdentifier>
    </Filter>
    <Filter Include="importer\icosphere">
      <UniqueIdentifier>{cca11a09-0132-457b-9d3f-cb7c00428068}</UniqueIdentifier>
    </Filter>
    <Filter Include="resources">
      <UniqueIdentifier>{703469f3-b6cd-440d-a8b0-339307750b69}</UniqueIdentifier>
    </Filter>
  </ItemGroup>
  <ItemGroup>
    <ResourceCompile Include="Simulations.rc" />
  </ItemGroup>
  <ItemGroup>
    <None Include="file1.bin" />
    <None Include="file2.bin" />
    <None Include="importer\icosphere\icosphere.1.edge">
      <Filter>resources</Filter>
    </None>
    <None Include="importer\icosphere\icosphere.1.ele">
      <Filter>resources</Filter>
    </None>
    <None Include="importer\icosphere\icosphere.1.face">
      <Filter>resources</Filter>
    </None>
    <None Include="importer\icosphere\icosphere.1.neigh">
      <Filter>resources</Filter>
    </None>
    <None Include="importer\icosphere\icosphere.1.node">
      <Filter>resources</Filter>
    </None>
    <None Include="importer\icosphere\icosphere.1.smesh">
      <Filter>resources</Filter>
    </None>
    <None Include="importer\suzanne\suzanne.1.node">
      <Filter>resources</Filter>
    </None>
    <None Include="importer\suzanne\suzanne.1.smesh">
      <Filter>resources</Filter>
    </None>
    <None Include="importer\suzanne\suzanne.1.edge">
      <Filter>resources</Filter>
    </None>
    <None Include="importer\suzanne\suzanne.1.ele">
      <Filter>resources</Filter>
    </None>
    <None Include="importer\suzanne\suzanne.1.face">
      <Filter>resources</Filter>
    </None>
  </ItemGroup>
</Project>